
Microsoft Visual Studio Solution File, Format Version 12.00
# Visual Studio Version 16
VisualStudioVersion = 16.0.30413.136
MinimumVisualStudioVersion = 10.0.40219.1
Project("{FAE04EC0-301F-11D3-BF4B-00C04F79EFBC}") = "BookListMVC", "BookListMVC\BookListMVC.csproj", "{6AF0E21B-C5D3-487E-92ED-14054C172899}"
EndProject
Global
	GlobalSection(SolutionConfigurationPlatforms) = preSolution
		Debug|Any CPU = Debug|Any CPU
		Release|Any CPU = Release|Any CPU
	EndGlobalSection
	GlobalSection(ProjectConfigurationPlatforms) = postSolution
		{6AF0E21B-C5D3-487E-92ED-14054C172899}.Debug|Any CPU.ActiveCfg = Debug|Any CPU
		{6AF0E21B-C5D3-487E-92ED-14054C172899}.Debug|Any CPU.Build.0 = Debug|Any CPU
		{6AF0E21B-C5D3-487E-92ED-14054C172899}.Release|Any CPU.ActiveCfg = Release|Any CPU
		{6AF0E21B-C5D3-487E-92ED-14054C172899}.Release|Any CPU.Build.0 = Release|Any CPU
	EndGlobalSection
	GlobalSection(SolutionProperties) = preSolution
		HideSolutionNode = FALSE
	EndGlobalSection
	GlobalSection(ExtensibilityGlobals) = postSolution
		SolutionGuid = {44C71BC5-9C20-44F7-9C0B-7FAD89718526}
	EndGlobalSection
EndGlobal
